
Microsoft Visual Studio Solution File, Format Version 12.00
# Visual Studio 15
VisualStudioVersion = 15.0.26430.16
MinimumVisualStudioVersion = 10.0.40219.1
Project("{FAE04EC0-301F-11D3-BF4B-00C04F79EFBC}") = "FCInterfaceData", "FCInterfaceData\FCInterfaceData.csproj", "{62364B0A-E440-43CD-B9E3-0F7936872A0B}"
EndProject
Project("{FAE04EC0-301F-11D3-BF4B-00C04F79EFBC}") = "Geo.Plug.DataExchange.XZFCPlug", "XZFCPlug\Geo.Plug.DataExchange.XZFCPlug.csproj", "{C83A3222-DA73-457C-8525-48784A8F1E1B}"
EndProject
Project("{FAE04EC0-301F-11D3-BF4B-00C04F79EFBC}") = "Test", "Test\Test.csproj", "{65A21192-37DF-4A8C-BA1A-C57601165A5A}"
EndProject
Project("{FAE04EC0-301F-11D3-BF4B-00C04F79EFBC}") = "FCWriteBack", "FCWriteBack\FCWriteBack.csproj", "{98B4FCB4-0FB6-4C76-82FF-36775908A2C3}"
EndProject
Project("{FAE04EC0-301F-11D3-BF4B-00C04F79EFBC}") = "WriteBack2SPFWindowService", "WriteBack2SPFWindowService\WriteBack2SPFWindowService.csproj", "{02D51903-F85A-4537-B9F5-86774CBF3FC1}"
EndProject
Project("{FAE04EC0-301F-11D3-BF4B-00C04F79EFBC}") = "WorkflowMonitorXZFCPlug", "WorkflowMonitorXZFCPlug\WorkflowMonitorXZFCPlug.csproj", "{52AF2378-050D-46D2-AB53-8AE71B9670ED}"
EndProject
Project("{FAE04EC0-301F-11D3-BF4B-00C04F79EFBC}") = "WebTest", "WebTest\WebTest.csproj", "{C2A89365-108D-4595-8ADA-3B7FFABB1E5D}"
EndProject
Project("{FAE04EC0-301F-11D3-BF4B-00C04F79EFBC}") = "Web4BDC", "Web4BDC\Web4BDC.csproj", "{CF602CBE-831D-4AA9-99F6-27E0BAA6129B}"
EndProject
Project("{FAE04EC0-301F-11D3-BF4B-00C04F79EFBC}") = "H2FTP", "H2FTP\H2FTP.csproj", "{32224900-A797-486E-BD30-8D6DB773717F}"
EndProject
Project("{FAE04EC0-301F-11D3-BF4B-00C04F79EFBC}") = "WbCheck", "WbCheck\WbCheck.csproj", "{6F03CDAB-1A05-47B3-9198-0FDB711415E3}"
EndProject
Project("{FAE04EC0-301F-11D3-BF4B-00C04F79EFBC}") = "FCWebServices", "FCWebServices\FCWebServices.csproj", "{5D10639F-525E-492B-AE75-C7E8472C55F7}"
EndProject
Project("{FAE04EC0-301F-11D3-BF4B-00C04F79EFBC}") = "DBCForFCWebService", "DBCForFCWebService\DBCForFCWebService.csproj", "{D8A169E6-E682-4A67-B3B2-ECDD2FD3D556}"
EndProject
Project("{FAE04EC0-301F-11D3-BF4B-00C04F79EFBC}") = "SevenTest", "SevenTest\SevenTest.csproj", "{8A7404FC-028D-4E26-B61D-647A1A24700C}"
EndProject
Project("{FAE04EC0-301F-11D3-BF4B-00C04F79EFBC}") = "WinFromTest", "WinFromTest\WinFromTest.csproj", "{9C7D04A8-689B-435A-BAA5-44E2663D4F46}"
EndProject
Project("{FAE04EC0-301F-11D3-BF4B-00C04F79EFBC}") = "DAInseretTools", "..\..\..\睢宁\DAInseretTools\DAInseretTools\DAInseretTools.csproj", "{63C4BA19-5012-48E7-85BA-1F62DB46EE82}"
EndProject
Project("{FAE04EC0-301F-11D3-BF4B-00C04F79EFBC}") = "HttpHelper", "..\HttpHelper V1.9\HttpHelper.csproj", "{CFF03980-4269-408C-B59B-414994C40621}"
EndProject
Project("{FAE04EC0-301F-11D3-BF4B-00C04F79EFBC}") = "DSServer", "DSServer\DSServer\DSServer.csproj", "{1F0BC374-762C-4554-BCF8-AECEBD1E3B98}"
EndProject
Project("{FAE04EC0-301F-11D3-BF4B-00C04F79EFBC}") = "OldCGLPB", "OldCGLPB\OldCGLPB.csproj", "{93E8F81D-6755-4F64-AFF3-CF261BD429A3}"
EndProject
Global
	GlobalSection(SolutionConfigurationPlatforms) = preSolution
		Debug|Any CPU = Debug|Any CPU
		Debug|Mixed Platforms = Debug|Mixed Platforms
		Debug|x64 = Debug|x64
		Debug|x86 = Debug|x86
		Release|Any CPU = Release|Any CPU
		Release|Mixed Platforms = Release|Mixed Platforms
		Release|x64 = Release|x64
		Release|x86 = Release|x86
	EndGlobalSection
	GlobalSection(ProjectConfigurationPlatforms) = postSolution
		{62364B0A-E440-43CD-B9E3-0F7936872A0B}.Debug|Any CPU.ActiveCfg = Debug|Any CPU
		{62364B0A-E440-43CD-B9E3-0F7936872A0B}.Debug|Any CPU.Build.0 = Debug|Any CPU
		{62364B0A-E440-43CD-B9E3-0F7936872A0B}.Debug|Mixed Platforms.ActiveCfg = Debug|x86
		{62364B0A-E440-43CD-B9E3-0F7936872A0B}.Debug|Mixed Platforms.Build.0 = Debug|x86
		{62364B0A-E440-43CD-B9E3-0F7936872A0B}.Debug|x64.ActiveCfg = Debug|x64
		{62364B0A-E440-43CD-B9E3-0F7936872A0B}.Debug|x64.Build.0 = Debug|x64
		{62364B0A-E440-43CD-B9E3-0F7936872A0B}.Debug|x86.ActiveCfg = Debug|x86
		{62364B0A-E440-43CD-B9E3-0F7936872A0B}.Debug|x86.Build.0 = Debug|x86
		{62364B0A-E440-43CD-B9E3-0F7936872A0B}.Release|Any CPU.ActiveCfg = Release|Any CPU
		{62364B0A-E440-43CD-B9E3-0F7936872A0B}.Release|Any CPU.Build.0 = Release|Any CPU
		{62364B0A-E440-43CD-B9E3-0F7936872A0B}.Release|Mixed Platforms.ActiveCfg = Release|x86
		{62364B0A-E440-43CD-B9E3-0F7936872A0B}.Release|Mixed Platforms.Build.0 = Release|x86
		{62364B0A-E440-43CD-B9E3-0F7936872A0B}.Release|x64.ActiveCfg = Release|x64
		{62364B0A-E440-43CD-B9E3-0F7936872A0B}.Release|x64.Build.0 = Release|x64
		{62364B0A-E440-43CD-B9E3-0F7936872A0B}.Release|x86.ActiveCfg = Release|x86
		{62364B0A-E440-43CD-B9E3-0F7936872A0B}.Release|x86.Build.0 = Release|x86
		{C83A3222-DA73-457C-8525-48784A8F1E1B}.Debug|Any CPU.ActiveCfg = Debug|Any CPU
		{C83A3222-DA73-457C-8525-48784A8F1E1B}.Debug|Any CPU.Build.0 = Debug|Any CPU
		{C83A3222-DA73-457C-8525-48784A8F1E1B}.Debug|Mixed Platforms.ActiveCfg = Debug|x86
		{C83A3222-DA73-457C-8525-48784A8F1E1B}.Debug|Mixed Platforms.Build.0 = Debug|x86
		{C83A3222-DA73-457C-8525-48784A8F1E1B}.Debug|x64.ActiveCfg = Debug|x64
		{C83A3222-DA73-457C-8525-48784A8F1E1B}.Debug|x64.Build.0 = Debug|x64
		{C83A3222-DA73-457C-8525-48784A8F1E1B}.Debug|x86.ActiveCfg = Debug|x86
		{C83A3222-DA73-457C-8525-48784A8F1E1B}.Debug|x86.Build.0 = Debug|x86
		{C83A3222-DA73-457C-8525-48784A8F1E1B}.Release|Any CPU.ActiveCfg = Release|Any CPU
		{C83A3222-DA73-457C-8525-48784A8F1E1B}.Release|Any CPU.Build.0 = Release|Any CPU
		{C83A3222-DA73-457C-8525-48784A8F1E1B}.Release|Mixed Platforms.ActiveCfg = Release|x86
		{C83A3222-DA73-457C-8525-48784A8F1E1B}.Release|Mixed Platforms.Build.0 = Release|x86
		{C83A3222-DA73-457C-8525-48784A8F1E1B}.Release|x64.ActiveCfg = Release|x64
		{C83A3222-DA73-457C-8525-48784A8F1E1B}.Release|x64.Build.0 = Release|x64
		{C83A3222-DA73-457C-8525-48784A8F1E1B}.Release|x86.ActiveCfg = Release|x86
		{C83A3222-DA73-457C-8525-48784A8F1E1B}.Release|x86.Build.0 = Release|x86
		{65A21192-37DF-4A8C-BA1A-C57601165A5A}.Debug|Any CPU.ActiveCfg = Debug|Any CPU
		{65A21192-37DF-4A8C-BA1A-C57601165A5A}.Debug|Any CPU.Build.0 = Debug|Any CPU
		{65A21192-37DF-4A8C-BA1A-C57601165A5A}.Debug|Mixed Platforms.ActiveCfg = Debug|x86
		{65A21192-37DF-4A8C-BA1A-C57601165A5A}.Debug|Mixed Platforms.Build.0 = Debug|x86
		{65A21192-37DF-4A8C-BA1A-C57601165A5A}.Debug|x64.ActiveCfg = Debug|x64
		{65A21192-37DF-4A8C-BA1A-C57601165A5A}.Debug|x64.Build.0 = Debug|x64
		{65A21192-37DF-4A8C-BA1A-C57601165A5A}.Debug|x86.ActiveCfg = Debug|x86
		{65A21192-37DF-4A8C-BA1A-C57601165A5A}.Debug|x86.Build.0 = Debug|x86
		{65A21192-37DF-4A8C-BA1A-C57601165A5A}.Release|Any CPU.ActiveCfg = Release|Any CPU
		{65A21192-37DF-4A8C-BA1A-C57601165A5A}.Release|Any CPU.Build.0 = Release|Any CPU
		{65A21192-37DF-4A8C-BA1A-C57601165A5A}.Release|Mixed Platforms.ActiveCfg = Release|x86
		{65A21192-37DF-4A8C-BA1A-C57601165A5A}.Release|Mixed Platforms.Build.0 = Release|x86
		{65A21192-37DF-4A8C-BA1A-C57601165A5A}.Release|x64.ActiveCfg = Release|x64
		{65A21192-37DF-4A8C-BA1A-C57601165A5A}.Release|x64.Build.0 = Release|x64
		{65A21192-37DF-4A8C-BA1A-C57601165A5A}.Release|x86.ActiveCfg = Release|x86
		{65A21192-37DF-4A8C-BA1A-C57601165A5A}.Release|x86.Build.0 = Release|x86
		{98B4FCB4-0FB6-4C76-82FF-36775908A2C3}.Debug|Any CPU.ActiveCfg = Debug|Any CPU
		{98B4FCB4-0FB6-4C76-82FF-36775908A2C3}.Debug|Any CPU.Build.0 = Debug|Any CPU
		{98B4FCB4-0FB6-4C76-82FF-36775908A2C3}.Debug|Mixed Platforms.ActiveCfg = Debug|Any CPU
		{98B4FCB4-0FB6-4C76-82FF-36775908A2C3}.Debug|Mixed Platforms.Build.0 = Debug|Any CPU
		{98B4FCB4-0FB6-4C76-82FF-36775908A2C3}.Debug|x64.ActiveCfg = Debug|Any CPU
		{98B4FCB4-0FB6-4C76-82FF-36775908A2C3}.Debug|x86.ActiveCfg = Debug|Any CPU
		{98B4FCB4-0FB6-4C76-82FF-36775908A2C3}.Release|Any CPU.ActiveCfg = Release|Any CPU
		{98B4FCB4-0FB6-4C76-82FF-36775908A2C3}.Release|Any CPU.Build.0 = Release|Any CPU
		{98B4FCB4-0FB6-4C76-82FF-36775908A2C3}.Release|Mixed Platforms.ActiveCfg = Release|Any CPU
		{98B4FCB4-0FB6-4C76-82FF-36775908A2C3}.Release|Mixed Platforms.Build.0 = Release|Any CPU
		{98B4FCB4-0FB6-4C76-82FF-36775908A2C3}.Release|x64.ActiveCfg = Release|Any CPU
		{98B4FCB4-0FB6-4C76-82FF-36775908A2C3}.Release|x86.ActiveCfg = Release|Any CPU
		{02D51903-F85A-4537-B9F5-86774CBF3FC1}.Debug|Any CPU.ActiveCfg = Debug|Any CPU
		{02D51903-F85A-4537-B9F5-86774CBF3FC1}.Debug|Any CPU.Build.0 = Debug|Any CPU
		{02D51903-F85A-4537-B9F5-86774CBF3FC1}.Debug|Mixed Platforms.ActiveCfg = Debug|Any CPU
		{02D51903-F85A-4537-B9F5-86774CBF3FC1}.Debug|Mixed Platforms.Build.0 = Debug|Any CPU
		{02D51903-F85A-4537-B9F5-86774CBF3FC1}.Debug|x64.ActiveCfg = Debug|Any CPU
		{02D51903-F85A-4537-B9F5-86774CBF3FC1}.Debug|x86.ActiveCfg = Debug|Any CPU
		{02D51903-F85A-4537-B9F5-86774CBF3FC1}.Release|Any CPU.ActiveCfg = Release|Any CPU
		{02D51903-F85A-4537-B9F5-86774CBF3FC1}.Release|Any CPU.Build.0 = Release|Any CPU
		{02D51903-F85A-4537-B9F5-86774CBF3FC1}.Release|Mixed Platforms.ActiveCfg = Release|Any CPU
		{02D51903-F85A-4537-B9F5-86774CBF3FC1}.Release|Mixed Platforms.Build.0 = Release|Any CPU
		{02D51903-F85A-4537-B9F5-86774CBF3FC1}.Release|x64.ActiveCfg = Release|Any CPU
		{02D51903-F85A-4537-B9F5-86774CBF3FC1}.Release|x86.ActiveCfg = Release|Any CPU
		{52AF2378-050D-46D2-AB53-8AE71B9670ED}.Debug|Any CPU.ActiveCfg = Debug|Any CPU
		{52AF2378-050D-46D2-AB53-8AE71B9670ED}.Debug|Any CPU.Build.0 = Debug|Any CPU
		{52AF2378-050D-46D2-AB53-8AE71B9670ED}.Debug|Mixed Platforms.ActiveCfg = Debug|Any CPU
		{52AF2378-050D-46D2-AB53-8AE71B9670ED}.Debug|Mixed Platforms.Build.0 = Debug|Any CPU
		{52AF2378-050D-46D2-AB53-8AE71B9670ED}.Debug|x64.ActiveCfg = Debug|Any CPU
		{52AF2378-050D-46D2-AB53-8AE71B9670ED}.Debug|x86.ActiveCfg = Debug|Any CPU
		{52AF2378-050D-46D2-AB53-8AE71B9670ED}.Release|Any CPU.ActiveCfg = Release|Any CPU
		{52AF2378-050D-46D2-AB53-8AE71B9670ED}.Release|Any CPU.Build.0 = Release|Any CPU
		{52AF2378-050D-46D2-AB53-8AE71B9670ED}.Release|Mixed Platforms.ActiveCfg = Release|Any CPU
		{52AF2378-050D-46D2-AB53-8AE71B9670ED}.Release|Mixed Platforms.Build.0 = Release|Any CPU
		{52AF2378-050D-46D2-AB53-8AE71B9670ED}.Release|x64.ActiveCfg = Release|Any CPU
		{52AF2378-050D-46D2-AB53-8AE71B9670ED}.Release|x86.ActiveCfg = Release|Any CPU
		{C2A89365-108D-4595-8ADA-3B7FFABB1E5D}.Debug|Any CPU.ActiveCfg = Debug|Any CPU
		{C2A89365-108D-4595-8ADA-3B7FFABB1E5D}.Debug|Any CPU.Build.0 = Debug|Any CPU
		{C2A89365-108D-4595-8ADA-3B7FFABB1E5D}.Debug|Mixed Platforms.ActiveCfg = Debug|Any CPU
		{C2A89365-108D-4595-8ADA-3B7FFABB1E5D}.Debug|Mixed Platforms.Build.0 = Debug|Any CPU
		{C2A89365-108D-4595-8ADA-3B7FFABB1E5D}.Debug|x64.ActiveCfg = Debug|Any CPU
		{C2A89365-108D-4595-8ADA-3B7FFABB1E5D}.Debug|x86.ActiveCfg = Debug|Any CPU
		{C2A89365-108D-4595-8ADA-3B7FFABB1E5D}.Release|Any CPU.ActiveCfg = Release|Any CPU
		{C2A89365-108D-4595-8ADA-3B7FFABB1E5D}.Release|Any CPU.Build.0 = Release|Any CPU
		{C2A89365-108D-4595-8ADA-3B7FFABB1E5D}.Release|Mixed Platforms.ActiveCfg = Release|Any CPU
		{C2A89365-108D-4595-8ADA-3B7FFABB1E5D}.Release|Mixed Platforms.Build.0 = Release|Any CPU
		{C2A89365-108D-4595-8ADA-3B7FFABB1E5D}.Release|x64.ActiveCfg = Release|Any CPU
		{C2A89365-108D-4595-8ADA-3B7FFABB1E5D}.Release|x86.ActiveCfg = Release|Any CPU
		{CF602CBE-831D-4AA9-99F6-27E0BAA6129B}.Debug|Any CPU.ActiveCfg = Debug|Any CPU
		{CF602CBE-831D-4AA9-99F6-27E0BAA6129B}.Debug|Any CPU.Build.0 = Debug|Any CPU
		{CF602CBE-831D-4AA9-99F6-27E0BAA6129B}.Debug|Mixed Platforms.ActiveCfg = Debug|Any CPU
		{CF602CBE-831D-4AA9-99F6-27E0BAA6129B}.Debug|Mixed Platforms.Build.0 = Debug|Any CPU
		{CF602CBE-831D-4AA9-99F6-27E0BAA6129B}.Debug|x64.ActiveCfg = Debug|Any CPU
		{CF602CBE-831D-4AA9-99F6-27E0BAA6129B}.Debug|x86.ActiveCfg = Debug|Any CPU
		{CF602CBE-831D-4AA9-99F6-27E0BAA6129B}.Release|Any CPU.ActiveCfg = Release|Any CPU
		{CF602CBE-831D-4AA9-99F6-27E0BAA6129B}.Release|Any CPU.Build.0 = Release|Any CPU
		{CF602CBE-831D-4AA9-99F6-27E0BAA6129B}.Release|Mixed Platforms.ActiveCfg = Release|Any CPU
		{CF602CBE-831D-4AA9-99F6-27E0BAA6129B}.Release|Mixed Platforms.Build.0 = Release|Any CPU
		{CF602CBE-831D-4AA9-99F6-27E0BAA6129B}.Release|x64.ActiveCfg = Release|Any CPU
		{CF602CBE-831D-4AA9-99F6-27E0BAA6129B}.Release|x86.ActiveCfg = Release|Any CPU
		{32224900-A797-486E-BD30-8D6DB773717F}.Debug|Any CPU.ActiveCfg = Debug|Any CPU
		{32224900-A797-486E-BD30-8D6DB773717F}.Debug|Any CPU.Build.0 = Debug|Any CPU
		{32224900-A797-486E-BD30-8D6DB773717F}.Debug|Mixed Platforms.ActiveCfg = Debug|Any CPU
		{32224900-A797-486E-BD30-8D6DB773717F}.Debug|Mixed Platforms.Build.0 = Debug|Any CPU
		{32224900-A797-486E-BD30-8D6DB773717F}.Debug|x64.ActiveCfg = Debug|Any CPU
		{32224900-A797-486E-BD30-8D6DB773717F}.Debug|x86.ActiveCfg = Debug|Any CPU
		{32224900-A797-486E-BD30-8D6DB773717F}.Release|Any CPU.ActiveCfg = Release|Any CPU
		{32224900-A797-486E-BD30-8D6DB773717F}.Release|Any CPU.Build.0 = Release|Any CPU
		{32224900-A797-486E-BD30-8D6DB773717F}.Release|Mixed Platforms.ActiveCfg = Release|Any CPU
		{32224900-A797-486E-BD30-8D6DB773717F}.Release|Mixed Platforms.Build.0 = Release|Any CPU
		{32224900-A797-486E-BD30-8D6DB773717F}.Release|x64.ActiveCfg = Release|Any CPU
		{32224900-A797-486E-BD30-8D6DB773717F}.Release|x86.ActiveCfg = Release|Any CPU
		{6F03CDAB-1A05-47B3-9198-0FDB711415E3}.Debug|Any CPU.ActiveCfg = Debug|Any CPU
		{6F03CDAB-1A05-47B3-9198-0FDB711415E3}.Debug|Any CPU.Build.0 = Debug|Any CPU
		{6F03CDAB-1A05-47B3-9198-0FDB711415E3}.Debug|Mixed Platforms.ActiveCfg = Debug|Any CPU
		{6F03CDAB-1A05-47B3-9198-0FDB711415E3}.Debug|Mixed Platforms.Build.0 = Debug|Any CPU
		{6F03CDAB-1A05-47B3-9198-0FDB711415E3}.Debug|x64.ActiveCfg = Debug|Any CPU
		{6F03CDAB-1A05-47B3-9198-0FDB711415E3}.Debug|x64.Build.0 = Debug|Any CPU
		{6F03CDAB-1A05-47B3-9198-0FDB711415E3}.Debug|x86.ActiveCfg = Debug|Any CPU
		{6F03CDAB-1A05-47B3-9198-0FDB711415E3}.Debug|x86.Build.0 = Debug|Any CPU
		{6F03CDAB-1A05-47B3-9198-0FDB711415E3}.Release|Any CPU.ActiveCfg = Release|Any CPU
		{6F03CDAB-1A05-47B3-9198-0FDB711415E3}.Release|Any CPU.Build.0 = Release|Any CPU
		{6F03CDAB-1A05-47B3-9198-0FDB711415E3}.Release|Mixed Platforms.ActiveCfg = Release|Any CPU
		{6F03CDAB-1A05-47B3-9198-0FDB711415E3}.Release|Mixed Platforms.Build.0 = Release|Any CPU
		{6F03CDAB-1A05-47B3-9198-0FDB711415E3}.Release|x64.ActiveCfg = Release|Any CPU
		{6F03CDAB-1A05-47B3-9198-0FDB711415E3}.Release|x64.Build.0 = Release|Any CPU
		{6F03CDAB-1A05-47B3-9198-0FDB711415E3}.Release|x86.ActiveCfg = Release|Any CPU
		{6F03CDAB-1A05-47B3-9198-0FDB711415E3}.Release|x86.Build.0 = Release|Any CPU
		{5D10639F-525E-492B-AE75-C7E8472C55F7}.Debug|Any CPU.ActiveCfg = Debug|Any CPU
		{5D10639F-525E-492B-AE75-C7E8472C55F7}.Debug|Any CPU.Build.0 = Debug|Any CPU
		{5D10639F-525E-492B-AE75-C7E8472C55F7}.Debug|Mixed Platforms.ActiveCfg = Debug|Any CPU
		{5D10639F-525E-492B-AE75-C7E8472C55F7}.Debug|Mixed Platforms.Build.0 = Debug|Any CPU
		{5D10639F-525E-492B-AE75-C7E8472C55F7}.Debug|x64.ActiveCfg = Debug|Any CPU
		{5D10639F-525E-492B-AE75-C7E8472C55F7}.Debug|x64.Build.0 = Debug|Any CPU
		{5D10639F-525E-492B-AE75-C7E8472C55F7}.Debug|x86.ActiveCfg = Debug|Any CPU
		{5D10639F-525E-492B-AE75-C7E8472C55F7}.Debug|x86.Build.0 = Debug|Any CPU
		{5D10639F-525E-492B-AE75-C7E8472C55F7}.Release|Any CPU.ActiveCfg = Release|Any CPU
		{5D10639F-525E-492B-AE75-C7E8472C55F7}.Release|Any CPU.Build.0 = Release|Any CPU
		{5D10639F-525E-492B-AE75-C7E8472C55F7}.Release|Mixed Platforms.ActiveCfg = Release|Any CPU
		{5D10639F-525E-492B-AE75-C7E8472C55F7}.Release|Mixed Platforms.Build.0 = Release|Any CPU
		{5D10639F-525E-492B-AE75-C7E8472C55F7}.Release|x64.ActiveCfg = Release|Any CPU
		{5D10639F-525E-492B-AE75-C7E8472C55F7}.Release|x64.Build.0 = Release|Any CPU
		{5D10639F-525E-492B-AE75-C7E8472C55F7}.Release|x86.ActiveCfg = Release|Any CPU
		{5D10639F-525E-492B-AE75-C7E8472C55F7}.Release|x86.Build.0 = Release|Any CPU
		{D8A169E6-E682-4A67-B3B2-ECDD2FD3D556}.Debug|Any CPU.ActiveCfg = Debug|Any CPU
		{D8A169E6-E682-4A67-B3B2-ECDD2FD3D556}.Debug|Any CPU.Build.0 = Debug|Any CPU
		{D8A169E6-E682-4A67-B3B2-ECDD2FD3D556}.Debug|Mixed Platforms.ActiveCfg = Debug|x86
		{D8A169E6-E682-4A67-B3B2-ECDD2FD3D556}.Debug|Mixed Platforms.Build.0 = Debug|x86
		{D8A169E6-E682-4A67-B3B2-ECDD2FD3D556}.Debug|x64.ActiveCfg = Debug|x64
		{D8A169E6-E682-4A67-B3B2-ECDD2FD3D556}.Debug|x64.Build.0 = Debug|x64
		{D8A169E6-E682-4A67-B3B2-ECDD2FD3D556}.Debug|x86.ActiveCfg = Debug|x86
		{D8A169E6-E682-4A67-B3B2-ECDD2FD3D556}.Debug|x86.Build.0 = Debug|x86
		{D8A169E6-E682-4A67-B3B2-ECDD2FD3D556}.Release|Any CPU.ActiveCfg = Release|Any CPU
		{D8A169E6-E682-4A67-B3B2-ECDD2FD3D556}.Release|Any CPU.Build.0 = Release|Any CPU
		{D8A169E6-E682-4A67-B3B2-ECDD2FD3D556}.Release|Mixed Platforms.ActiveCfg = Release|x86
		{D8A169E6-E682-4A67-B3B2-ECDD2FD3D556}.Release|Mixed Platforms.Build.0 = Release|x86
		{D8A169E6-E682-4A67-B3B2-ECDD2FD3D556}.Release|x64.ActiveCfg = Release|x64
		{D8A169E6-E682-4A67-B3B2-ECDD2FD3D556}.Release|x64.Build.0 = Release|x64
		{D8A169E6-E682-4A67-B3B2-ECDD2FD3D556}.Release|x86.ActiveCfg = Release|x86
		{D8A169E6-E682-4A67-B3B2-ECDD2FD3D556}.Release|x86.Build.0 = Release|x86
		{8A7404FC-028D-4E26-B61D-647A1A24700C}.Debug|Any CPU.ActiveCfg = Debug|Any CPU
		{8A7404FC-028D-4E26-B61D-647A1A24700C}.Debug|Any CPU.Build.0 = Debug|Any CPU
		{8A7404FC-028D-4E26-B61D-647A1A24700C}.Debug|Mixed Platforms.ActiveCfg = Debug|Any CPU
		{8A7404FC-028D-4E26-B61D-647A1A24700C}.Debug|Mixed Platforms.Build.0 = Debug|Any CPU
		{8A7404FC-028D-4E26-B61D-647A1A24700C}.Debug|x64.ActiveCfg = Debug|Any CPU
		{8A7404FC-028D-4E26-B61D-647A1A24700C}.Debug|x86.ActiveCfg = Debug|Any CPU
		{8A7404FC-028D-4E26-B61D-647A1A24700C}.Release|Any CPU.ActiveCfg = Release|Any CPU
		{8A7404FC-028D-4E26-B61D-647A1A24700C}.Release|Any CPU.Build.0 = Release|Any CPU
		{8A7404FC-028D-4E26-B61D-647A1A24700C}.Release|Mixed Platforms.ActiveCfg = Release|Any CPU
		{8A7404FC-028D-4E26-B61D-647A1A24700C}.Release|Mixed Platforms.Build.0 = Release|Any CPU
		{8A7404FC-028D-4E26-B61D-647A1A24700C}.Release|x64.ActiveCfg = Release|Any CPU
		{8A7404FC-028D-4E26-B61D-647A1A24700C}.Release|x86.ActiveCfg = Release|Any CPU
		{9C7D04A8-689B-435A-BAA5-44E2663D4F46}.Debug|Any CPU.ActiveCfg = Debug|Any CPU
		{9C7D04A8-689B-435A-BAA5-44E2663D4F46}.Debug|Any CPU.Build.0 = Debug|Any CPU
		{9C7D04A8-689B-435A-BAA5-44E2663D4F46}.Debug|Mixed Platforms.ActiveCfg = Debug|Any CPU
		{9C7D04A8-689B-435A-BAA5-44E2663D4F46}.Debug|Mixed Platforms.Build.0 = Debug|Any CPU
		{9C7D04A8-689B-435A-BAA5-44E2663D4F46}.Debug|x64.ActiveCfg = Debug|Any CPU
		{9C7D04A8-689B-435A-BAA5-44E2663D4F46}.Debug|x64.Build.0 = Debug|Any CPU
		{9C7D04A8-689B-435A-BAA5-44E2663D4F46}.Debug|x86.ActiveCfg = Debug|Any CPU
		{9C7D04A8-689B-435A-BAA5-44E2663D4F46}.Debug|x86.Build.0 = Debug|Any CPU
		{9C7D04A8-689B-435A-BAA5-44E2663D4F46}.Release|Any CPU.ActiveCfg = Release|Any CPU
		{9C7D04A8-689B-435A-BAA5-44E2663D4F46}.Release|Any CPU.Build.0 = Release|Any CPU
		{9C7D04A8-689B-435A-BAA5-44E2663D4F46}.Release|Mixed Platforms.ActiveCfg = Release|Any CPU
		{9C7D04A8-689B-435A-BAA5-44E2663D4F46}.Release|Mixed Platforms.Build.0 = Release|Any CPU
		{9C7D04A8-689B-435A-BAA5-44E2663D4F46}.Release|x64.ActiveCfg = Release|Any CPU
		{9C7D04A8-689B-435A-BAA5-44E2663D4F46}.Release|x64.Build.0 = Release|Any CPU
		{9C7D04A8-689B-435A-BAA5-44E2663D4F46}.Release|x86.ActiveCfg = Release|Any CPU
		{9C7D04A8-689B-435A-BAA5-44E2663D4F46}.Release|x86.Build.0 = Release|Any CPU
		{63C4BA19-5012-48E7-85BA-1F62DB46EE82}.Debug|Any CPU.ActiveCfg = Debug|Any CPU
		{63C4BA19-5012-48E7-85BA-1F62DB46EE82}.Debug|Any CPU.Build.0 = Debug|Any CPU
		{63C4BA19-5012-48E7-85BA-1F62DB46EE82}.Debug|Mixed Platforms.ActiveCfg = Debug|Any CPU
		{63C4BA19-5012-48E7-85BA-1F62DB46EE82}.Debug|Mixed Platforms.Build.0 = Debug|Any CPU
		{63C4BA19-5012-48E7-85BA-1F62DB46EE82}.Debug|x64.ActiveCfg = Debug|Any CPU
		{63C4BA19-5012-48E7-85BA-1F62DB46EE82}.Debug|x64.Build.0 = Debug|Any CPU
		{63C4BA19-5012-48E7-85BA-1F62DB46EE82}.Debug|x86.ActiveCfg = Debug|Any CPU
		{63C4BA19-5012-48E7-85BA-1F62DB46EE82}.Debug|x86.Build.0 = Debug|Any CPU
		{63C4BA19-5012-48E7-85BA-1F62DB46EE82}.Release|Any CPU.ActiveCfg = Release|Any CPU
		{63C4BA19-5012-48E7-85BA-1F62DB46EE82}.Release|Any CPU.Build.0 = Release|Any CPU
		{63C4BA19-5012-48E7-85BA-1F62DB46EE82}.Release|Mixed Platforms.ActiveCfg = Release|Any CPU
		{63C4BA19-5012-48E7-85BA-1F62DB46EE82}.Release|Mixed Platforms.Build.0 = Release|Any CPU
		{63C4BA19-5012-48E7-85BA-1F62DB46EE82}.Release|x64.ActiveCfg = Release|Any CPU
		{63C4BA19-5012-48E7-85BA-1F62DB46EE82}.Release|x64.Build.0 = Release|Any CPU
		{63C4BA19-5012-48E7-85BA-1F62DB46EE82}.Release|x86.ActiveCfg = Release|Any CPU
		{63C4BA19-5012-48E7-85BA-1F62DB46EE82}.Release|x86.Build.0 = Release|Any CPU
		{CFF03980-4269-408C-B59B-414994C40621}.Debug|Any CPU.ActiveCfg = Debug|Any CPU
		{CFF03980-4269-408C-B59B-414994C40621}.Debug|Any CPU.Build.0 = Debug|Any CPU
		{CFF03980-4269-408C-B59B-414994C40621}.Debug|Mixed Platforms.ActiveCfg = Debug|Any CPU
		{CFF03980-4269-408C-B59B-414994C40621}.Debug|Mixed Platforms.Build.0 = Debug|Any CPU
		{CFF03980-4269-408C-B59B-414994C40621}.Debug|x64.ActiveCfg = Debug|Any CPU
		{CFF03980-4269-408C-B59B-414994C40621}.Debug|x64.Build.0 = Debug|Any CPU
		{CFF03980-4269-408C-B59B-414994C40621}.Debug|x86.ActiveCfg = Debug|Any CPU
		{CFF03980-4269-408C-B59B-414994C40621}.Debug|x86.Build.0 = Debug|Any CPU
		{CFF03980-4269-408C-B59B-414994C40621}.Release|Any CPU.ActiveCfg = Release|Any CPU
		{CFF03980-4269-408C-B59B-414994C40621}.Release|Any CPU.Build.0 = Release|Any CPU
		{CFF03980-4269-408C-B59B-414994C40621}.Release|Mixed Platforms.ActiveCfg = Release|Any CPU
		{CFF03980-4269-408C-B59B-414994C40621}.Release|Mixed Platforms.Build.0 = Release|Any CPU
		{CFF03980-4269-408C-B59B-414994C40621}.Release|x64.ActiveCfg = Release|Any CPU
		{CFF03980-4269-408C-B59B-414994C40621}.Release|x64.Build.0 = Release|Any CPU
		{CFF03980-4269-408C-B59B-414994C40621}.Release|x86.ActiveCfg = Release|Any CPU
		{CFF03980-4269-408C-B59B-414994C40621}.Release|x86.Build.0 = Release|Any CPU
		{1F0BC374-762C-4554-BCF8-AECEBD1E3B98}.Debug|Any CPU.ActiveCfg = Debug|x86
		{1F0BC374-762C-4554-BCF8-AECEBD1E3B98}.Debug|Mixed Platforms.ActiveCfg = Debug|x86
		{1F0BC374-762C-4554-BCF8-AECEBD1E3B98}.Debug|Mixed Platforms.Build.0 = Debug|x86
		{1F0BC374-762C-4554-BCF8-AECEBD1E3B98}.Debug|x64.ActiveCfg = Debug|x86
		{1F0BC374-762C-4554-BCF8-AECEBD1E3B98}.Debug|x86.ActiveCfg = Debug|x86
		{1F0BC374-762C-4554-BCF8-AECEBD1E3B98}.Debug|x86.Build.0 = Debug|x86
		{1F0BC374-762C-4554-BCF8-AECEBD1E3B98}.Release|Any CPU.ActiveCfg = Release|x86
		{1F0BC374-762C-4554-BCF8-AECEBD1E3B98}.Release|Mixed Platforms.ActiveCfg = Release|x86
		{1F0BC374-762C-4554-BCF8-AECEBD1E3B98}.Release|Mixed Platforms.Build.0 = Release|x86
		{1F0BC374-762C-4554-BCF8-AECEBD1E3B98}.Release|x64.ActiveCfg = Release|x86
		{1F0BC374-762C-4554-BCF8-AECEBD1E3B98}.Release|x86.ActiveCfg = Release|x86
		{1F0BC374-762C-4554-BCF8-AECEBD1E3B98}.Release|x86.Build.0 = Release|x86
		{93E8F81D-6755-4F64-AFF3-CF261BD429A3}.Debug|Any CPU.ActiveCfg = Debug|Any CPU
		{93E8F81D-6755-4F64-AFF3-CF261BD429A3}.Debug|Any CPU.Build.0 = Debug|Any CPU
		{93E8F81D-6755-4F64-AFF3-CF261BD429A3}.Debug|Mixed Platforms.ActiveCfg = Debug|Any CPU
		{93E8F81D-6755-4F64-AFF3-CF261BD429A3}.Debug|Mixed Platforms.Build.0 = Debug|Any CPU
		{93E8F81D-6755-4F64-AFF3-CF261BD429A3}.Debug|x64.ActiveCfg = Debug|Any CPU
		{93E8F81D-6755-4F64-AFF3-CF261BD429A3}.Debug|x64.Build.0 = Debug|Any CPU
		{93E8F81D-6755-4F64-AFF3-CF261BD429A3}.Debug|x86.ActiveCfg = Debug|Any CPU
		{93E8F81D-6755-4F64-AFF3-CF261BD429A3}.Debug|x86.Build.0 = Debug|Any CPU
		{93E8F81D-6755-4F64-AFF3-CF261BD429A3}.Release|Any CPU.ActiveCfg = Release|Any CPU
		{93E8F81D-6755-4F64-AFF3-CF261BD429A3}.Release|Any CPU.Build.0 = Release|Any CPU
		{93E8F81D-6755-4F64-AFF3-CF261BD429A3}.Release|Mixed Platforms.ActiveCfg = Release|Any CPU
		{93E8F81D-6755-4F64-AFF3-CF261BD429A3}.Release|Mixed Platforms.Build.0 = Release|Any CPU
		{93E8F81D-6755-4F64-AFF3-CF261BD429A3}.Release|x64.ActiveCfg = Release|Any CPU
		{93E8F81D-6755-4F64-AFF3-CF261BD429A3}.Release|x64.Build.0 = Release|Any CPU
		{93E8F81D-6755-4F64-AFF3-CF261BD429A3}.Release|x86.ActiveCfg = Release|Any CPU
		{93E8F81D-6755-4F64-AFF3-CF261BD429A3}.Release|x86.Build.0 = Release|Any CPU
	EndGlobalSection
	GlobalSection(SolutionProperties) = preSolution
		HideSolutionNode = FALSE
	EndGlobalSection
EndGlobal
